
Microsoft Visual Studio Solution File, Format Version 12.00
# Visual Studio 15
VisualStudioVersion = 15.0.26403.7
MinimumVisualStudioVersion = 10.0.40219.1
Project("{FAE04EC0-301F-11D3-BF4B-00C04F79EFBC}") = "Logic", "src\Logic\Logic.csproj", "{3EED7D61-AD5F-4BD8-9D37-28D1BB831EE2}"
EndProject
Project("{FAE04EC0-301F-11D3-BF4B-00C04F79EFBC}") = "UI", "src\UI\UI.csproj", "{F382C2E0-EF66-47DA-B3FC-81611B0097A2}"
EndProject
Project("{2150E333-8FDC-42A3-9474-1A3956D46DE8}") = "Database", "Database", "{3BB0C81C-797E-4053-9037-DB63B6D53198}"
	ProjectSection(SolutionItems) = preProject
		src\Database.sql = src\Database.sql
	EndProjectSection
EndProject
Global
	GlobalSection(SolutionConfigurationPlatforms) = preSolution
		Debug|Any CPU = Debug|Any CPU
		Release|Any CPU = Release|Any CPU
	EndGlobalSection
	GlobalSection(ProjectConfigurationPlatforms) = postSolution
		{3EED7D61-AD5F-4BD8-9D37-28D1BB831EE2}.Debug|Any CPU.ActiveCfg = Debug|Any CPU
		{3EED7D61-AD5F-4BD8-9D37-28D1BB831EE2}.Debug|Any CPU.Build.0 = Debug|Any CPU
		{3EED7D61-AD5F-4BD8-9D37-28D1BB831EE2}.Release|Any CPU.ActiveCfg = Release|Any CPU
		{3EED7D61-AD5F-4BD8-9D37-28D1BB831EE2}.Release|Any CPU.Build.0 = Release|Any CPU
		{F382C2E0-EF66-47DA-B3FC-81611B0097A2}.Debug|Any CPU.ActiveCfg = Debug|Any CPU
		{F382C2E0-EF66-47DA-B3FC-81611B0097A2}.Debug|Any CPU.Build.0 = Debug|Any CPU
		{F382C2E0-EF66-47DA-B3FC-81611B0097A2}.Release|Any CPU.ActiveCfg = Release|Any CPU
		{F382C2E0-EF66-47DA-B3FC-81611B0097A2}.Release|Any CPU.Build.0 = Release|Any CPU
	EndGlobalSection
	GlobalSection(SolutionProperties) = preSolution
		HideSolutionNode = FALSE
	EndGlobalSection
EndGlobal
